
Microsoft Visual Studio Solution File, Format Version 12.00
# Visual Studio Version 17
VisualStudioVersion = 17.7.34009.444
MinimumVisualStudioVersion = 10.0.40219.1
Project("{E24C65DC-7377-472B-9ABA-BC803B73C61A}") = "AyuBorneo", "D:\AyuBorneo\", "{C6A4A33B-9E09-4FFF-BBEC-DFDACC87343B}"
	ProjectSection(WebsiteProperties) = preProject
		TargetFrameworkMoniker = ".NETFramework,Version%3Dv4.8"
		Debug.AspNetCompiler.VirtualPath = "/localhost_59422"
		Debug.AspNetCompiler.PhysicalPath = "D:\AyuBorneo\"
		Debug.AspNetCompiler.TargetPath = "PrecompiledWeb\localhost_59422\"
		Debug.AspNetCompiler.Updateable = "true"
		Debug.AspNetCompiler.ForceOverwrite = "true"
		Debug.AspNetCompiler.FixedNames = "false"
		Debug.AspNetCompiler.Debug = "True"
		Release.AspNetCompiler.VirtualPath = "/localhost_59422"
		Release.AspNetCompiler.PhysicalPath = "D:\AyuBorneo\"
		Release.AspNetCompiler.TargetPath = "PrecompiledWeb\localhost_59422\"
		Release.AspNetCompiler.Updateable = "true"
		Release.AspNetCompiler.ForceOverwrite = "true"
		Release.AspNetCompiler.FixedNames = "false"
		Release.AspNetCompiler.Debug = "False"
		VWDPort = "59422"
		SlnRelativePath = "D:\AyuBorneo\"
	EndProjectSection
EndProject
Global
	GlobalSection(SolutionConfigurationPlatforms) = preSolution
		Debug|Any CPU = Debug|Any CPU
	EndGlobalSection
	GlobalSection(ProjectConfigurationPlatforms) = postSolution
		{C6A4A33B-9E09-4FFF-BBEC-DFDACC87343B}.Debug|Any CPU.ActiveCfg = Debug|Any CPU
		{C6A4A33B-9E09-4FFF-BBEC-DFDACC87343B}.Debug|Any CPU.Build.0 = Debug|Any CPU
	EndGlobalSection
	GlobalSection(SolutionProperties) = preSolution
		HideSolutionNode = FALSE
	EndGlobalSection
	GlobalSection(ExtensibilityGlobals) = postSolution
		SolutionGuid = {2148AE7A-6067-47C5-998F-31FA8F40A045}
	EndGlobalSection
EndGlobal
